
Microsoft Visual Studio Solution File, Format Version 12.00
# Visual Studio Version 16
VisualStudioVersion = 16.0.30413.136
MinimumVisualStudioVersion = 10.0.40219.1
Project("{FAE04EC0-301F-11D3-BF4B-00C04F79EFBC}") = "PaymentFunction", "PaymentFunction\PaymentFunction.csproj", "{B880E808-D603-4522-99F2-380EBB574D8E}"
EndProject
Project("{FAE04EC0-301F-11D3-BF4B-00C04F79EFBC}") = "Api", "Api\Api.csproj", "{757962EA-1A7C-4E2B-BB32-30B1F2BF5230}"
EndProject
Project("{FAE04EC0-301F-11D3-BF4B-00C04F79EFBC}") = "DataAccess", "DataAccess\DataAccess.csproj", "{CC8392A3-4524-46BA-9298-A7A952F2D6CD}"
EndProject
Global
	GlobalSection(SolutionConfigurationPlatforms) = preSolution
		Debug|Any CPU = Debug|Any CPU
		Release|Any CPU = Release|Any CPU
	EndGlobalSection
	GlobalSection(ProjectConfigurationPlatforms) = postSolution
		{B880E808-D603-4522-99F2-380EBB574D8E}.Debug|Any CPU.ActiveCfg = Debug|Any CPU
		{B880E808-D603-4522-99F2-380EBB574D8E}.Debug|Any CPU.Build.0 = Debug|Any CPU
		{B880E808-D603-4522-99F2-380EBB574D8E}.Release|Any CPU.ActiveCfg = Release|Any CPU
		{B880E808-D603-4522-99F2-380EBB574D8E}.Release|Any CPU.Build.0 = Release|Any CPU
		{757962EA-1A7C-4E2B-BB32-30B1F2BF5230}.Debug|Any CPU.ActiveCfg = Debug|Any CPU
		{757962EA-1A7C-4E2B-BB32-30B1F2BF5230}.Debug|Any CPU.Build.0 = Debug|Any CPU
		{757962EA-1A7C-4E2B-BB32-30B1F2BF5230}.Release|Any CPU.ActiveCfg = Release|Any CPU
		{757962EA-1A7C-4E2B-BB32-30B1F2BF5230}.Release|Any CPU.Build.0 = Release|Any CPU
		{CC8392A3-4524-46BA-9298-A7A952F2D6CD}.Debug|Any CPU.ActiveCfg = Debug|Any CPU
		{CC8392A3-4524-46BA-9298-A7A952F2D6CD}.Debug|Any CPU.Build.0 = Debug|Any CPU
		{CC8392A3-4524-46BA-9298-A7A952F2D6CD}.Release|Any CPU.ActiveCfg = Release|Any CPU
		{CC8392A3-4524-46BA-9298-A7A952F2D6CD}.Release|Any CPU.Build.0 = Release|Any CPU
	EndGlobalSection
	GlobalSection(SolutionProperties) = preSolution
		HideSolutionNode = FALSE
	EndGlobalSection
	GlobalSection(ExtensibilityGlobals) = postSolution
		SolutionGuid = {46FF46A9-906A-433B-8A55-169916D96890}
	EndGlobalSection
EndGlobal
